
Microsoft Visual Studio Solution File, Format Version 12.00
# Visual Studio 2012
Project("{FAE04EC0-301F-11D3-BF4B-00C04F79EFBC}") = "vsonmac", "vsonmac\vsonmac.csproj", "{55B51B1B-3EB5-4B74-A0EB-4FB63289840F}"
EndProject
Project("{FAE04EC0-301F-11D3-BF4B-00C04F79EFBC}") = "vsonmac.Tests", "vsonmac.Tests\vsonmac.Tests.csproj", "{38E0DF92-DD2A-4D8B-8A28-5524EEB19E17}"
EndProject
Global
	GlobalSection(SolutionConfigurationPlatforms) = preSolution
		Debug|Any CPU = Debug|Any CPU
		Release|Any CPU = Release|Any CPU
	EndGlobalSection
	GlobalSection(ProjectConfigurationPlatforms) = postSolution
		{55B51B1B-3EB5-4B74-A0EB-4FB63289840F}.Debug|Any CPU.ActiveCfg = Debug|Any CPU
		{55B51B1B-3EB5-4B74-A0EB-4FB63289840F}.Debug|Any CPU.Build.0 = Debug|Any CPU
		{55B51B1B-3EB5-4B74-A0EB-4FB63289840F}.Release|Any CPU.ActiveCfg = Release|Any CPU
		{55B51B1B-3EB5-4B74-A0EB-4FB63289840F}.Release|Any CPU.Build.0 = Release|Any CPU
		{38E0DF92-DD2A-4D8B-8A28-5524EEB19E17}.Debug|Any CPU.ActiveCfg = Debug|Any CPU
		{38E0DF92-DD2A-4D8B-8A28-5524EEB19E17}.Debug|Any CPU.Build.0 = Debug|Any CPU
		{38E0DF92-DD2A-4D8B-8A28-5524EEB19E17}.Release|Any CPU.ActiveCfg = Release|Any CPU
		{38E0DF92-DD2A-4D8B-8A28-5524EEB19E17}.Release|Any CPU.Build.0 = Release|Any CPU
	EndGlobalSection
EndGlobal
